
Microsoft Visual Studio Solution File, Format Version 12.00
# Visual Studio Version 17
VisualStudioVersion = 17.9.34622.214
MinimumVisualStudioVersion = 10.0.40219.1
Project("{FAE04EC0-301F-11D3-BF4B-00C04F79EFBC}") = "Linq To SQL", "Linq To SQL\Linq To SQL.csproj", "{9B442D90-4816-4D8A-B931-4A31ECE1305A}"
EndProject
Global
	GlobalSection(SolutionConfigurationPlatforms) = preSolution
		Debug|Any CPU = Debug|Any CPU
		Release|Any CPU = Release|Any CPU
	EndGlobalSection
	GlobalSection(ProjectConfigurationPlatforms) = postSolution
		{9B442D90-4816-4D8A-B931-4A31ECE1305A}.Debug|Any CPU.ActiveCfg = Debug|Any CPU
		{9B442D90-4816-4D8A-B931-4A31ECE1305A}.Debug|Any CPU.Build.0 = Debug|Any CPU
		{9B442D90-4816-4D8A-B931-4A31ECE1305A}.Release|Any CPU.ActiveCfg = Release|Any CPU
		{9B442D90-4816-4D8A-B931-4A31ECE1305A}.Release|Any CPU.Build.0 = Release|Any CPU
	EndGlobalSection
	GlobalSection(SolutionProperties) = preSolution
		HideSolutionNode = FALSE
	EndGlobalSection
	GlobalSection(ExtensibilityGlobals) = postSolution
		SolutionGuid = {94560CC5-D70B-4078-827A-1F364DB02A88}
	EndGlobalSection
EndGlobal
